
Microsoft Visual Studio Solution File, Format Version 12.00
# Visual Studio 15
VisualStudioVersion = 15.0.28307.572
MinimumVisualStudioVersion = 10.0.40219.1
Project("{FAE04EC0-301F-11D3-BF4B-00C04F79EFBC}") = "DemoLinq", "DemoLinqToXml\DemoLinq.csproj", "{1D91EB3B-5ED5-4C94-AA45-8D4F8FA89D2E}"
EndProject
Global
	GlobalSection(SolutionConfigurationPlatforms) = preSolution
		Debug|Any CPU = Debug|Any CPU
		Release|Any CPU = Release|Any CPU
	EndGlobalSection
	GlobalSection(ProjectConfigurationPlatforms) = postSolution
		{1D91EB3B-5ED5-4C94-AA45-8D4F8FA89D2E}.Debug|Any CPU.ActiveCfg = Debug|Any CPU
		{1D91EB3B-5ED5-4C94-AA45-8D4F8FA89D2E}.Debug|Any CPU.Build.0 = Debug|Any CPU
		{1D91EB3B-5ED5-4C94-AA45-8D4F8FA89D2E}.Release|Any CPU.ActiveCfg = Release|Any CPU
		{1D91EB3B-5ED5-4C94-AA45-8D4F8FA89D2E}.Release|Any CPU.Build.0 = Release|Any CPU
	EndGlobalSection
	GlobalSection(SolutionProperties) = preSolution
		HideSolutionNode = FALSE
	EndGlobalSection
	GlobalSection(ExtensibilityGlobals) = postSolution
		SolutionGuid = {0AB2E940-EE10-4414-AA55-9258E7F734F4}
	EndGlobalSection
EndGlobal
